
Microsoft Visual Studio Solution File, Format Version 12.00
# Visual Studio Version 16
VisualStudioVersion = 16.0.30204.135
MinimumVisualStudioVersion = 10.0.40219.1
Project("{9A19103F-16F7-4668-BE54-9A1E7A4F7556}") = "DickinsonBros.CosmosService", "DickinsonBros.CosmosService\DickinsonBros.CosmosService.csproj", "{FEF6466B-4B48-42DE-8141-BA48FE730362}"
EndProject
Project("{2150E333-8FDC-42A3-9474-1A3956D46DE8}") = "1 Library", "1 Library", "{C1120677-5428-4CDB-AEBF-E1C731F993A4}"
EndProject
Project("{2150E333-8FDC-42A3-9474-1A3956D46DE8}") = "2 Runner", "2 Runner", "{0EE554FF-016A-4836-ABCF-387980145536}"
EndProject
Project("{2150E333-8FDC-42A3-9474-1A3956D46DE8}") = "9 Misc", "9 Misc", "{3DF24EFE-51EF-44A2-B91B-02CD2DC5238D}"
	ProjectSection(SolutionItems) = preProject
		Scripts\CreateNugetPackageCI.ps1 = Scripts\CreateNugetPackageCI.ps1
		DickinsonBros.CosmosService.runsettings = DickinsonBros.CosmosService.runsettings
		Scripts\Publish.yml = Scripts\Publish.yml
		Scripts\Test.yml = Scripts\Test.yml
	EndProjectSection
EndProject
Project("{9A19103F-16F7-4668-BE54-9A1E7A4F7556}") = "DickinsonBros.CosmosService.Tests", "DickinsonBros.CosmosService.Tests\DickinsonBros.CosmosService.Tests.csproj", "{24765A96-AB79-4F3B-B4BB-C45F8422C809}"
EndProject
Project("{9A19103F-16F7-4668-BE54-9A1E7A4F7556}") = "DickinsonBros.CosmosService.Runner", "DickinsonBros.CosmosService.Runner\DickinsonBros.CosmosService.Runner.csproj", "{1921F116-C7D4-4F1D-A650-E1E6B61097AF}"
EndProject
Global
	GlobalSection(SolutionConfigurationPlatforms) = preSolution
		Debug|Any CPU = Debug|Any CPU
		Release|Any CPU = Release|Any CPU
	EndGlobalSection
	GlobalSection(ProjectConfigurationPlatforms) = postSolution
		{FEF6466B-4B48-42DE-8141-BA48FE730362}.Debug|Any CPU.ActiveCfg = Debug|Any CPU
		{FEF6466B-4B48-42DE-8141-BA48FE730362}.Debug|Any CPU.Build.0 = Debug|Any CPU
		{FEF6466B-4B48-42DE-8141-BA48FE730362}.Release|Any CPU.ActiveCfg = Release|Any CPU
		{FEF6466B-4B48-42DE-8141-BA48FE730362}.Release|Any CPU.Build.0 = Release|Any CPU
		{24765A96-AB79-4F3B-B4BB-C45F8422C809}.Debug|Any CPU.ActiveCfg = Debug|Any CPU
		{24765A96-AB79-4F3B-B4BB-C45F8422C809}.Debug|Any CPU.Build.0 = Debug|Any CPU
		{24765A96-AB79-4F3B-B4BB-C45F8422C809}.Release|Any CPU.ActiveCfg = Release|Any CPU
		{24765A96-AB79-4F3B-B4BB-C45F8422C809}.Release|Any CPU.Build.0 = Release|Any CPU
		{1921F116-C7D4-4F1D-A650-E1E6B61097AF}.Debug|Any CPU.ActiveCfg = Debug|Any CPU
		{1921F116-C7D4-4F1D-A650-E1E6B61097AF}.Debug|Any CPU.Build.0 = Debug|Any CPU
		{1921F116-C7D4-4F1D-A650-E1E6B61097AF}.Release|Any CPU.ActiveCfg = Release|Any CPU
		{1921F116-C7D4-4F1D-A650-E1E6B61097AF}.Release|Any CPU.Build.0 = Release|Any CPU
	EndGlobalSection
	GlobalSection(SolutionProperties) = preSolution
		HideSolutionNode = FALSE
	EndGlobalSection
	GlobalSection(NestedProjects) = preSolution
		{FEF6466B-4B48-42DE-8141-BA48FE730362} = {C1120677-5428-4CDB-AEBF-E1C731F993A4}
		{24765A96-AB79-4F3B-B4BB-C45F8422C809} = {C1120677-5428-4CDB-AEBF-E1C731F993A4}
		{1921F116-C7D4-4F1D-A650-E1E6B61097AF} = {0EE554FF-016A-4836-ABCF-387980145536}
	EndGlobalSection
	GlobalSection(ExtensibilityGlobals) = postSolution
		SolutionGuid = {12072504-2C45-46DF-B673-DC5B7BC3F63D}
	EndGlobalSection
EndGlobal
